
Microsoft Visual Studio Solution File, Format Version 12.00
# Visual Studio Version 17
VisualStudioVersion = 17.11.35219.272
MinimumVisualStudioVersion = 10.0.40219.1
Project("{888888A0-9F3D-457C-B088-3A5042F75D52}") = "Solnumbr.py", "Solnumbr.py\Solnumbr.py.pyproj", "{8B032522-744F-48BE-88BC-908D9DDEAC79}"
EndProject
Global
	GlobalSection(SolutionConfigurationPlatforms) = preSolution
		Debug|Any CPU = Debug|Any CPU
		Release|Any CPU = Release|Any CPU
	EndGlobalSection
	GlobalSection(ProjectConfigurationPlatforms) = postSolution
		{8B032522-744F-48BE-88BC-908D9DDEAC79}.Debug|Any CPU.ActiveCfg = Debug|Any CPU
		{8B032522-744F-48BE-88BC-908D9DDEAC79}.Release|Any CPU.ActiveCfg = Release|Any CPU
	EndGlobalSection
	GlobalSection(SolutionProperties) = preSolution
		HideSolutionNode = FALSE
	EndGlobalSection
	GlobalSection(ExtensibilityGlobals) = postSolution
		SolutionGuid = {FC20D539-662F-4895-98BA-070516163929}
	EndGlobalSection
EndGlobal
